Microsoft Visual Studio Solution File, Format Version 12.00
# Visual Studio Version 17
VisualStudioVersion = 17.5.2.0
MinimumVisualStudioVersion = 10.0.40219.1
Project("{2150E333-8FDC-42A3-9474-1A3956D46DE8}") = "Employee", "Employee", "{07D97907-A4FB-2718-30A9-6954E84DBCDB}"
EndProject
Project("{FAE04EC0-301F-11D3-BF4B-00C04F79EFBC}") = "airBnbs", "airBnbs\airBnbs.csproj", "{5160FD7E-588F-D91C-EF65-FB5A18D68924}"
EndProject
Project("{FAE04EC0-301F-11D3-BF4B-00C04F79EFBC}") = "random", "Employee\random.csproj", "{1217A291-BB93-DE61-102C-D01E46B92DA4}"
EndProject
Global
	GlobalSection(SolutionConfigurationPlatforms) = preSolution
		Debug|Any CPU = Debug|Any CPU
		Release|Any CPU = Release|Any CPU
	EndGlobalSection
	GlobalSection(ProjectConfigurationPlatforms) = postSolution
		{5160FD7E-588F-D91C-EF65-FB5A18D68924}.Debug|Any CPU.ActiveCfg = Debug|Any CPU
		{5160FD7E-588F-D91C-EF65-FB5A18D68924}.Debug|Any CPU.Build.0 = Debug|Any CPU
		{5160FD7E-588F-D91C-EF65-FB5A18D68924}.Release|Any CPU.ActiveCfg = Release|Any CPU
		{5160FD7E-588F-D91C-EF65-FB5A18D68924}.Release|Any CPU.Build.0 = Release|Any CPU
		{1217A291-BB93-DE61-102C-D01E46B92DA4}.Debug|Any CPU.ActiveCfg = Debug|Any CPU
		{1217A291-BB93-DE61-102C-D01E46B92DA4}.Debug|Any CPU.Build.0 = Debug|Any CPU
		{1217A291-BB93-DE61-102C-D01E46B92DA4}.Release|Any CPU.ActiveCfg = Release|Any CPU
		{1217A291-BB93-DE61-102C-D01E46B92DA4}.Release|Any CPU.Build.0 = Release|Any CPU
	EndGlobalSection
	GlobalSection(SolutionProperties) = preSolution
		HideSolutionNode = FALSE
	EndGlobalSection
	GlobalSection(NestedProjects) = preSolution
		{1217A291-BB93-DE61-102C-D01E46B92DA4} = {07D97907-A4FB-2718-30A9-6954E84DBCDB}
	EndGlobalSection
	GlobalSection(ExtensibilityGlobals) = postSolution
		SolutionGuid = {F2FD3D61-37CD-418E-8825-D684C3E496CD}
	EndGlobalSection
EndGlobal
