Microsoft Visual Studio Solution File, Format Version 12.00
# Visual Studio Version 17
VisualStudioVersion = 17.5.2.0
MinimumVisualStudioVersion = 10.0.40219.1
Project("{FAE04EC0-301F-11D3-BF4B-00C04F79EFBC}") = "dockertrial", "dockertrial.csproj", "{B1BA7C95-2D93-E492-80D3-FE3F06C7EFE3}"
EndProject
Global
	GlobalSection(SolutionConfigurationPlatforms) = preSolution
		Debug|Any CPU = Debug|Any CPU
		Release|Any CPU = Release|Any CPU
	EndGlobalSection
	GlobalSection(ProjectConfigurationPlatforms) = postSolution
		{B1BA7C95-2D93-E492-80D3-FE3F06C7EFE3}.Debug|Any CPU.ActiveCfg = Debug|Any CPU
		{B1BA7C95-2D93-E492-80D3-FE3F06C7EFE3}.Debug|Any CPU.Build.0 = Debug|Any CPU
		{B1BA7C95-2D93-E492-80D3-FE3F06C7EFE3}.Release|Any CPU.ActiveCfg = Release|Any CPU
		{B1BA7C95-2D93-E492-80D3-FE3F06C7EFE3}.Release|Any CPU.Build.0 = Release|Any CPU
	EndGlobalSection
	GlobalSection(SolutionProperties) = preSolution
		HideSolutionNode = FALSE
	EndGlobalSection
	GlobalSection(ExtensibilityGlobals) = postSolution
		SolutionGuid = {F4FB614D-5579-45ED-92E3-E8C3B94D67AE}
	EndGlobalSection
EndGlobal
