Microsoft Visual Studio Solution File, Format Version 12.00
# Visual Studio Version 17
VisualStudioVersion = 17.5.2.0
MinimumVisualStudioVersion = 10.0.40219.1
Project("{2150E333-8FDC-42A3-9474-1A3956D46DE8}") = "Assessments", "Assessments", "{7C504894-E4C1-5914-7F93-EBC3576D01D0}"
EndProject
Project("{FAE04EC0-301F-11D3-BF4B-00C04F79EFBC}") = "Queries", "Assessments\Queries\Queries.csproj", "{5F286199-EBA7-6E79-6CD0-CCA467C74F6C}"
EndProject
Global
	GlobalSection(SolutionConfigurationPlatforms) = preSolution
		Debug|Any CPU = Debug|Any CPU
		Release|Any CPU = Release|Any CPU
	EndGlobalSection
	GlobalSection(ProjectConfigurationPlatforms) = postSolution
		{5F286199-EBA7-6E79-6CD0-CCA467C74F6C}.Debug|Any CPU.ActiveCfg = Debug|Any CPU
		{5F286199-EBA7-6E79-6CD0-CCA467C74F6C}.Debug|Any CPU.Build.0 = Debug|Any CPU
		{5F286199-EBA7-6E79-6CD0-CCA467C74F6C}.Release|Any CPU.ActiveCfg = Release|Any CPU
		{5F286199-EBA7-6E79-6CD0-CCA467C74F6C}.Release|Any CPU.Build.0 = Release|Any CPU
	EndGlobalSection
	GlobalSection(SolutionProperties) = preSolution
		HideSolutionNode = FALSE
	EndGlobalSection
	GlobalSection(NestedProjects) = preSolution
		{5F286199-EBA7-6E79-6CD0-CCA467C74F6C} = {7C504894-E4C1-5914-7F93-EBC3576D01D0}
	EndGlobalSection
	GlobalSection(ExtensibilityGlobals) = postSolution
		SolutionGuid = {BA795BFF-F400-45BD-8901-91EBE6211BDE}
	EndGlobalSection
EndGlobal
