Microsoft Visual Studio Solution File, Format Version 12.00
# Visual Studio Version 17
VisualStudioVersion = 17.5.2.0
MinimumVisualStudioVersion = 10.0.40219.1
Project("{2150E333-8FDC-42A3-9474-1A3956D46DE8}") = "Assessments", "Assessments", "{7C504894-E4C1-5914-7F93-EBC3576D01D0}"
EndProject
Project("{FAE04EC0-301F-11D3-BF4B-00C04F79EFBC}") = "WarehouseStockTracker", "Assessments\WarehouseStockTracker\WarehouseStockTracker.csproj", "{EDB81C4A-9338-7381-9FDE-FDD326D55328}"
EndProject
Global
	GlobalSection(SolutionConfigurationPlatforms) = preSolution
		Debug|Any CPU = Debug|Any CPU
		Release|Any CPU = Release|Any CPU
	EndGlobalSection
	GlobalSection(ProjectConfigurationPlatforms) = postSolution
		{EDB81C4A-9338-7381-9FDE-FDD326D55328}.Debug|Any CPU.ActiveCfg = Debug|Any CPU
		{EDB81C4A-9338-7381-9FDE-FDD326D55328}.Debug|Any CPU.Build.0 = Debug|Any CPU
		{EDB81C4A-9338-7381-9FDE-FDD326D55328}.Release|Any CPU.ActiveCfg = Release|Any CPU
		{EDB81C4A-9338-7381-9FDE-FDD326D55328}.Release|Any CPU.Build.0 = Release|Any CPU
	EndGlobalSection
	GlobalSection(SolutionProperties) = preSolution
		HideSolutionNode = FALSE
	EndGlobalSection
	GlobalSection(NestedProjects) = preSolution
		{EDB81C4A-9338-7381-9FDE-FDD326D55328} = {7C504894-E4C1-5914-7F93-EBC3576D01D0}
	EndGlobalSection
	GlobalSection(ExtensibilityGlobals) = postSolution
		SolutionGuid = {D80B674B-59A1-4F04-9E1E-B7AF556BCC46}
	EndGlobalSection
EndGlobal
